
Microsoft Visual Studio Solution File, Format Version 12.00
# Visual Studio Version 17
VisualStudioVersion = 17.8.34316.72
MinimumVisualStudioVersion = 10.0.40219.1
Project("{FAE04EC0-301F-11D3-BF4B-00C04F79EFBC}") = "ZhizhaBOT", "ZhizhaBOT.csproj", "{17F3E609-5802-4915-A9A7-A3896D3BDC26}"
EndProject
Global
	GlobalSection(SolutionConfigurationPlatforms) = preSolution
		Debug|Any CPU = Debug|Any CPU
		Release|Any CPU = Release|Any CPU
	EndGlobalSection
	GlobalSection(ProjectConfigurationPlatforms) = postSolution
		{17F3E609-5802-4915-A9A7-A3896D3BDC26}.Debug|Any CPU.ActiveCfg = Debug|Any CPU
		{17F3E609-5802-4915-A9A7-A3896D3BDC26}.Debug|Any CPU.Build.0 = Debug|Any CPU
		{17F3E609-5802-4915-A9A7-A3896D3BDC26}.Release|Any CPU.ActiveCfg = Release|Any CPU
		{17F3E609-5802-4915-A9A7-A3896D3BDC26}.Release|Any CPU.Build.0 = Release|Any CPU
	EndGlobalSection
	GlobalSection(SolutionProperties) = preSolution
		HideSolutionNode = FALSE
	EndGlobalSection
	GlobalSection(ExtensibilityGlobals) = postSolution
		SolutionGuid = {58757D37-0166-4EC6-AF69-A7B9678B1308}
	EndGlobalSection
EndGlobal
